
Microsoft Visual Studio Solution File, Format Version 12.00
# Visual Studio Version 17
VisualStudioVersion = 17.4.33213.308
MinimumVisualStudioVersion = 10.0.40219.1
Project("{FAE04EC0-301F-11D3-BF4B-00C04F79EFBC}") = "CqrsPattern", "CqrsPattern\CqrsPattern.csproj", "{F5AA472C-327C-49E4-8FBE-29F2760FF01D}"
EndProject
Global
	GlobalSection(SolutionConfigurationPlatforms) = preSolution
		Debug|Any CPU = Debug|Any CPU
		Release|Any CPU = Release|Any CPU
	EndGlobalSection
	GlobalSection(ProjectConfigurationPlatforms) = postSolution
		{F5AA472C-327C-49E4-8FBE-29F2760FF01D}.Debug|Any CPU.ActiveCfg = Debug|Any CPU
		{F5AA472C-327C-49E4-8FBE-29F2760FF01D}.Debug|Any CPU.Build.0 = Debug|Any CPU
		{F5AA472C-327C-49E4-8FBE-29F2760FF01D}.Release|Any CPU.ActiveCfg = Release|Any CPU
		{F5AA472C-327C-49E4-8FBE-29F2760FF01D}.Release|Any CPU.Build.0 = Release|Any CPU
	EndGlobalSection
	GlobalSection(SolutionProperties) = preSolution
		HideSolutionNode = FALSE
	EndGlobalSection
	GlobalSection(ExtensibilityGlobals) = postSolution
		SolutionGuid = {AE169492-F3B9-4FE1-B8A3-841E7B050417}
	EndGlobalSection
EndGlobal
